// !$*UTF8*$!
{
	archiveVersion = 1;
	classes = {
	};
	objectVersion = 50;
	objects = {

/* Begin PBXBuildFile section */
		DB51C6A12576B44700E121DE /* PersonsOverViewIndexedApp.swift in Sources */ = {isa = PBXBuildFile; fileRef = DB51C68E2576B44600E121DE /* PersonsOverViewIndexedApp.swift */; };
		DB51C6A22576B44700E121DE /* PersonsOverViewIndexedApp.swift in Sources */ = {isa = PBXBuildFile; fileRef = DB51C68E2576B44600E121DE /* PersonsOverViewIndexedApp.swift */; };
		DB51C6A32576B44700E121DE /* PersonsOverViewIndexed.swift in Sources */ = {isa = PBXBuildFile; fileRef = DB51C68F2576B44600E121DE /* PersonsOverViewIndexed.swift */; };
		DB51C6A42576B44700E121DE /* PersonsOverViewIndexed.swift in Sources */ = {isa = PBXBuildFile; fileRef = DB51C68F2576B44600E121DE /* PersonsOverViewIndexed.swift */; };
		DB51C6A52576B44700E121DE /* Assets.xcassets in Resources */ = {isa = PBXBuildFile; fileRef = DB51C6902576B44700E121DE /* Assets.xcassets */; };
		DB51C6A62576B44700E121DE /* Assets.xcassets in Resources */ = {isa = PBXBuildFile; fileRef = DB51C6902576B44700E121DE /* Assets.xcassets */; };
		DB51C6B72576C1E400E121DE /* UserRecord.swift in Sources */ = {isa = PBXBuildFile; fileRef = DB51C6B62576C1E400E121DE /* UserRecord.swift */; };
		DB51C6BB2576C1F200E121DE /* User.swift in Sources */ = {isa = PBXBuildFile; fileRef = DB51C6BA2576C1F200E121DE /* User.swift */; };
		DB51C6BF2576C1FD00E121DE /* PostalNummer.swift in Sources */ = {isa = PBXBuildFile; fileRef = DB51C6BE2576C1FD00E121DE /* PostalNummer.swift */; };
		DB51C6C32576C20300E121DE /* PersonRecord.swift in Sources */ = {isa = PBXBuildFile; fileRef = DB51C6C22576C20300E121DE /* PersonRecord.swift */; };
		DB51C6C72576C20900E121DE /* Person.swift in Sources */ = {isa = PBXBuildFile; fileRef = DB51C6C62576C20900E121DE /* Person.swift */; };
/* End PBXBuildFile section */

/* Begin PBXFileReference section */
		DB51C68E2576B44600E121DE /* PersonsOverViewIndexedApp.swift */ = {isa = PBXFileReference; lastKnownFileType = sourcecode.swift; path = PersonsOverViewIndexedApp.swift; sourceTree = "<group>"; };
		DB51C68F2576B44600E121DE /* PersonsOverViewIndexed.swift */ = {isa = PBXFileReference; lastKnownFileType = sourcecode.swift; path = PersonsOverViewIndexed.swift; sourceTree = "<group>"; };
		DB51C6902576B44700E121DE /* Assets.xcassets */ = {isa = PBXFileReference; lastKnownFileType = folder.assetcatalog; path = Assets.xcassets; sourceTree = "<group>"; };
		DB51C6952576B44700E121DE /* TableViewIndexed.app */ = {isa = PBXFileReference; explicitFileType = wrapper.application; includeInIndex = 0; path = TableViewIndexed.app; sourceTree = BUILT_PRODUCTS_DIR; };
		DB51C6982576B44700E121DE /* Info.plist */ = {isa = PBXFileReference; lastKnownFileType = text.plist.xml; path = Info.plist; sourceTree = "<group>"; };
		DB51C69D2576B44700E121DE /* TableViewIndexed.app */ = {isa = PBXFileReference; explicitFileType = wrapper.application; includeInIndex = 0; path = TableViewIndexed.app; sourceTree = BUILT_PRODUCTS_DIR; };
		DB51C69F2576B44700E121DE /* Info.plist */ = {isa = PBXFileReference; lastKnownFileType = text.plist.xml; path = Info.plist; sourceTree = "<group>"; };
		DB51C6A02576B44700E121DE /* macOS.entitlements */ = {isa = PBXFileReference; lastKnownFileType = text.plist.entitlements; path = macOS.entitlements; sourceTree = "<group>"; };
		DB51C6B62576C1E400E121DE /* UserRecord.swift */ = {isa = PBXFileReference; fileEncoding = 4; lastKnownFileType = sourcecode.swift; path = UserRecord.swift; sourceTree = "<group>"; };
		DB51C6BA2576C1F200E121DE /* User.swift */ = {isa = PBXFileReference; fileEncoding = 4; lastKnownFileType = sourcecode.swift; path = User.swift; sourceTree = "<group>"; };
		DB51C6BE2576C1FD00E121DE /* PostalNummer.swift */ = {isa = PBXFileReference; fileEncoding = 4; lastKnownFileType = sourcecode.swift; path = PostalNummer.swift; sourceTree = "<group>"; };
		DB51C6C22576C20300E121DE /* PersonRecord.swift */ = {isa = PBXFileReference; fileEncoding = 4; lastKnownFileType = sourcecode.swift; path = PersonRecord.swift; sourceTree = "<group>"; };
		DB51C6C62576C20900E121DE /* Person.swift */ = {isa = PBXFileReference; fileEncoding = 4; lastKnownFileType = sourcecode.swift; path = Person.swift; sourceTree = "<group>"; };
/* End PBXFileReference section */

/* Begin PBXFrameworksBuildPhase section */
		DB51C6922576B44700E121DE /* Frameworks */ = {
			isa = PBXFrameworksBuildPhase;
			buildActionMask = 2147483647;
			files = (
			);
			runOnlyForDeploymentPostprocessing = 0;
		};
		DB51C69A2576B44700E121DE /* Frameworks */ = {
			isa = PBXFrameworksBuildPhase;
			buildActionMask = 2147483647;
			files = (
			);
			runOnlyForDeploymentPostprocessing = 0;
		};
/* End PBXFrameworksBuildPhase section */

/* Begin PBXGroup section */
		DB51C6882576B44500E121DE = {
			isa = PBXGroup;
			children = (
				DB51C6972576B44700E121DE /* iOS */,
				DB51C69E2576B44700E121DE /* macOS */,
				DB51C6B32576B89100E121DE /* Model */,
				DB51C6962576B44700E121DE /* Products */,
				DB51C68D2576B44600E121DE /* Shared */,
			);
			sourceTree = "<group>";
		};
		DB51C68D2576B44600E121DE /* Shared */ = {
			isa = PBXGroup;
			children = (
				DB51C68E2576B44600E121DE /* PersonsOverViewIndexedApp.swift */,
				DB51C68F2576B44600E121DE /* PersonsOverViewIndexed.swift */,
				DB51C6902576B44700E121DE /* Assets.xcassets */,
			);
			path = Shared;
			sourceTree = "<group>";
		};
		DB51C6962576B44700E121DE /* Products */ = {
			isa = PBXGroup;
			children = (
				DB51C6952576B44700E121DE /* TableViewIndexed.app */,
				DB51C69D2576B44700E121DE /* TableViewIndexed.app */,
			);
			name = Products;
			sourceTree = "<group>";
		};
		DB51C6972576B44700E121DE /* iOS */ = {
			isa = PBXGroup;
			children = (
				DB51C6982576B44700E121DE /* Info.plist */,
			);
			path = iOS;
			sourceTree = "<group>";
		};
		DB51C69E2576B44700E121DE /* macOS */ = {
			isa = PBXGroup;
			children = (
				DB51C69F2576B44700E121DE /* Info.plist */,
				DB51C6A02576B44700E121DE /* macOS.entitlements */,
			);
			path = macOS;
			sourceTree = "<group>";
		};
		DB51C6B32576B89100E121DE /* Model */ = {
			isa = PBXGroup;
			children = (
				DB51C6BE2576C1FD00E121DE /* PostalNummer.swift */,
				DB51C6C62576C20900E121DE /* Person.swift */,
				DB51C6C22576C20300E121DE /* PersonRecord.swift */,
				DB51C6BA2576C1F200E121DE /* User.swift */,
				DB51C6B62576C1E400E121DE /* UserRecord.swift */,
			);
			path = Model;
			sourceTree = "<group>";
		};
/* End PBXGroup section */

/* Begin PBXNativeTarget section */
		DB51C6942576B44700E121DE /* TableViewIndexed (iOS) */ = {
			isa = PBXNativeTarget;
			buildConfigurationList = DB51C6A92576B44700E121DE /* Build configuration list for PBXNativeTarget "TableViewIndexed (iOS)" */;
			buildPhases = (
				DB51C6912576B44700E121DE /* Sources */,
				DB51C6922576B44700E121DE /* Frameworks */,
				DB51C6932576B44700E121DE /* Resources */,
			);
			buildRules = (
			);
			dependencies = (
			);
			name = "TableViewIndexed (iOS)";
			productName = "TableViewIndexed (iOS)";
			productReference = DB51C6952576B44700E121DE /* TableViewIndexed.app */;
			productType = "com.apple.product-type.application";
		};
		DB51C69C2576B44700E121DE /* TableViewIndexed (macOS) */ = {
			isa = PBXNativeTarget;
			buildConfigurationList = DB51C6AC2576B44700E121DE /* Build configuration list for PBXNativeTarget "TableViewIndexed (macOS)" */;
			buildPhases = (
				DB51C6992576B44700E121DE /* Sources */,
				DB51C69A2576B44700E121DE /* Frameworks */,
				DB51C69B2576B44700E121DE /* Resources */,
			);
			buildRules = (
			);
			dependencies = (
			);
			name = "TableViewIndexed (macOS)";
			productName = "TableViewIndexed (macOS)";
			productReference = DB51C69D2576B44700E121DE /* TableViewIndexed.app */;
			productType = "com.apple.product-type.application";
		};
/* End PBXNativeTarget section */

/* Begin PBXProject section */
		DB51C6892576B44500E121DE /* Project object */ = {
			isa = PBXProject;
			attributes = {
				LastSwiftUpdateCheck = 1230;
				LastUpgradeCheck = 1230;
				TargetAttributes = {
					DB51C6942576B44700E121DE = {
						CreatedOnToolsVersion = 12.3;
					};
					DB51C69C2576B44700E121DE = {
						CreatedOnToolsVersion = 12.3;
					};
				};
			};
			buildConfigurationList = DB51C68C2576B44500E121DE /* Build configuration list for PBXProject "TableViewIndexed" */;
			compatibilityVersion = "Xcode 9.3";
			developmentRegion = en;
			hasScannedForEncodings = 0;
			knownRegions = (
				en,
				Base,
			);
			mainGroup = DB51C6882576B44500E121DE;
			productRefGroup = DB51C6962576B44700E121DE /* Products */;
			projectDirPath = "";
			projectRoot = "";
			targets = (
				DB51C6942576B44700E121DE /* TableViewIndexed (iOS) */,
				DB51C69C2576B44700E121DE /* TableViewIndexed (macOS) */,
			);
		};
/* End PBXProject section */

/* Begin PBXResourcesBuildPhase section */
		DB51C6932576B44700E121DE /* Resources */ = {
			isa = PBXResourcesBuildPhase;
			buildActionMask = 2147483647;
			files = (
				DB51C6A52576B44700E121DE /* Assets.xcassets in Resources */,
			);
			runOnlyForDeploymentPostprocessing = 0;
		};
		DB51C69B2576B44700E121DE /* Resources */ = {
			isa = PBXResourcesBuildPhase;
			buildActionMask = 2147483647;
			files = (
				DB51C6A62576B44700E121DE /* Assets.xcassets in Resources */,
			);
			runOnlyForDeploymentPostprocessing = 0;
		};
/* End PBXResourcesBuildPhase section */

/* Begin PBXSourcesBuildPhase section */
		DB51C6912576B44700E121DE /* Sources */ = {
			isa = PBXSourcesBuildPhase;
			buildActionMask = 2147483647;
			files = (
				DB51C6BB2576C1F200E121DE /* User.swift in Sources */,
				DB51C6C32576C20300E121DE /* PersonRecord.swift in Sources */,
				DB51C6A32576B44700E121DE /* PersonsOverViewIndexed.swift in Sources */,
				DB51C6B72576C1E400E121DE /* UserRecord.swift in Sources */,
				DB51C6C72576C20900E121DE /* Person.swift in Sources */,
				DB51C6A12576B44700E121DE /* PersonsOverViewIndexedApp.swift in Sources */,
				DB51C6BF2576C1FD00E121DE /* PostalNummer.swift in Sources */,
			);
			runOnlyForDeploymentPostprocessing = 0;
		};
		DB51C6992576B44700E121DE /* Sources */ = {
			isa = PBXSourcesBuildPhase;
			buildActionMask = 2147483647;
			files = (
				DB51C6A42576B44700E121DE /* PersonsOverViewIndexed.swift in Sources */,
				DB51C6A22576B44700E121DE /* PersonsOverViewIndexedApp.swift in Sources */,
			);
			runOnlyForDeploymentPostprocessing = 0;
		};
/* End PBXSourcesBuildPhase section */

/* Begin XCBuildConfiguration section */
		DB51C6A72576B44700E121DE /* Debug */ = {
			isa = XCBuildConfiguration;
			buildSettings = {
				ALWAYS_SEARCH_USER_PATHS = NO;
				CLANG_ANALYZER_NONNULL = YES;
				CLANG_ANALYZER_NUMBER_OBJECT_CONVERSION = YES_AGGRESSIVE;
				CLANG_CXX_LANGUAGE_STANDARD = "gnu++14";
				CLANG_CXX_LIBRARY = "libc++";
				CLANG_ENABLE_MODULES = YES;
				CLANG_ENABLE_OBJC_ARC = YES;
				CLANG_ENABLE_OBJC_WEAK = YES;
				CLANG_WARN_BLOCK_CAPTURE_AUTORELEASING = YES;
				CLANG_WARN_BOOL_CONVERSION = YES;
				CLANG_WARN_COMMA = YES;
				CLANG_WARN_CONSTANT_CONVERSION = YES;
				CLANG_WARN_DEPRECATED_OBJC_IMPLEMENTATIONS = YES;
				CLANG_WARN_DIRECT_OBJC_ISA_USAGE = YES_ERROR;
				CLANG_WARN_DOCUMENTATION_COMMENTS = YES;
				CLANG_WARN_EMPTY_BODY = YES;
				CLANG_WARN_ENUM_CONVERSION = YES;
				CLANG_WARN_INFINITE_RECURSION = YES;
				CLANG_WARN_INT_CONVERSION = YES;
				CLANG_WARN_NON_LITERAL_NULL_CONVERSION = YES;
				CLANG_WARN_OBJC_IMPLICIT_RETAIN_SELF = YES;
				CLANG_WARN_OBJC_LITERAL_CONVERSION = YES;
				CLANG_WARN_OBJC_ROOT_CLASS = YES_ERROR;
				CLANG_WARN_QUOTED_INCLUDE_IN_FRAMEWORK_HEADER = YES;
				CLANG_WARN_RANGE_LOOP_ANALYSIS = YES;
				CLANG_WARN_STRICT_PROTOTYPES = YES;
				CLANG_WARN_SUSPICIOUS_MOVE = YES;
				CLANG_WARN_UNGUARDED_AVAILABILITY = YES_AGGRESSIVE;
				CLANG_WARN_UNREACHABLE_CODE = YES;
				CLANG_WARN__DUPLICATE_METHOD_MATCH = YES;
				COPY_PHASE_STRIP = NO;
				DEBUG_INFORMATION_FORMAT = dwarf;
				ENABLE_STRICT_OBJC_MSGSEND = YES;
				ENABLE_TESTABILITY = YES;
				GCC_C_LANGUAGE_STANDARD = gnu11;
				GCC_DYNAMIC_NO_PIC = NO;
				GCC_NO_COMMON_BLOCKS = YES;
				GCC_OPTIMIZATION_LEVEL = 0;
				GCC_PREPROCESSOR_DEFINITIONS = (
					"DEBUG=1",
					"$(inherited)",
				);
				GCC_WARN_64_TO_32_BIT_CONVERSION = YES;
				GCC_WARN_ABOUT_RETURN_TYPE = YES_ERROR;
				GCC_WARN_UNDECLARED_SELECTOR = YES;
				GCC_WARN_UNINITIALIZED_AUTOS = YES_AGGRESSIVE;
				GCC_WARN_UNUSED_FUNCTION = YES;
				GCC_WARN_UNUSED_VARIABLE = YES;
				MTL_ENABLE_DEBUG_INFO = INCLUDE_SOURCE;
				MTL_FAST_MATH = YES;
				ONLY_ACTIVE_ARCH = YES;
				SWIFT_ACTIVE_COMPILATION_CONDITIONS = DEBUG;
				SWIFT_OPTIMIZATION_LEVEL = "-Onone";
			};
			name = Debug;
		};
		DB51C6A82576B44700E121DE /* Release */ = {
			isa = XCBuildConfiguration;
			buildSettings = {
				ALWAYS_SEARCH_USER_PATHS = NO;
				CLANG_ANALYZER_NONNULL = YES;
				CLANG_ANALYZER_NUMBER_OBJECT_CONVERSION = YES_AGGRESSIVE;
				CLANG_CXX_LANGUAGE_STANDARD = "gnu++14";
				CLANG_CXX_LIBRARY = "libc++";
				CLANG_ENABLE_MODULES = YES;
				CLANG_ENABLE_OBJC_ARC = YES;
				CLANG_ENABLE_OBJC_WEAK = YES;
				CLANG_WARN_BLOCK_CAPTURE_AUTORELEASING = YES;
				CLANG_WARN_BOOL_CONVERSION = YES;
				CLANG_WARN_COMMA = YES;
				CLANG_WARN_CONSTANT_CONVERSION = YES;
				CLANG_WARN_DEPRECATED_OBJC_IMPLEMENTATIONS = YES;
				CLANG_WARN_DIRECT_OBJC_ISA_USAGE = YES_ERROR;
				CLANG_WARN_DOCUMENTATION_COMMENTS = YES;
				CLANG_WARN_EMPTY_BODY = YES;
				CLANG_WARN_ENUM_CONVERSION = YES;
				CLANG_WARN_INFINITE_RECURSION = YES;
				CLANG_WARN_INT_CONVERSION = YES;
				CLANG_WARN_NON_LITERAL_NULL_CONVERSION = YES;
				CLANG_WARN_OBJC_IMPLICIT_RETAIN_SELF = YES;
				CLANG_WARN_OBJC_LITERAL_CONVERSION = YES;
				CLANG_WARN_OBJC_ROOT_CLASS = YES_ERROR;
				CLANG_WARN_QUOTED_INCLUDE_IN_FRAMEWORK_HEADER = YES;
				CLANG_WARN_RANGE_LOOP_ANALYSIS = YES;
				CLANG_WARN_STRICT_PROTOTYPES = YES;
				CLANG_WARN_SUSPICIOUS_MOVE = YES;
				CLANG_WARN_UNGUARDED_AVAILABILITY = YES_AGGRESSIVE;
				CLANG_WARN_UNREACHABLE_CODE = YES;
				CLANG_WARN__DUPLICATE_METHOD_MATCH = YES;
				COPY_PHASE_STRIP = NO;
				DEBUG_INFORMATION_FORMAT = "dwarf-with-dsym";
				ENABLE_NS_ASSERTIONS = NO;
				ENABLE_STRICT_OBJC_MSGSEND = YES;
				GCC_C_LANGUAGE_STANDARD = gnu11;
				GCC_NO_COMMON_BLOCKS = YES;
				GCC_WARN_64_TO_32_BIT_CONVERSION = YES;
				GCC_WARN_ABOUT_RETURN_TYPE = YES_ERROR;
				GCC_WARN_UNDECLARED_SELECTOR = YES;
				GCC_WARN_UNINITIALIZED_AUTOS = YES_AGGRESSIVE;
				GCC_WARN_UNUSED_FUNCTION = YES;
				GCC_WARN_UNUSED_VARIABLE = YES;
				MTL_ENABLE_DEBUG_INFO = NO;
				MTL_FAST_MATH = YES;
				SWIFT_COMPILATION_MODE = wholemodule;
				SWIFT_OPTIMIZATION_LEVEL = "-O";
			};
			name = Release;
		};
		DB51C6AA2576B44700E121DE /* Debug */ = {
			isa = XCBuildConfiguration;
			buildSettings = {
				ASSETCATALOG_COMPILER_APPICON_NAME = AppIcon;
				ASSETCATALOG_COMPILER_GLOBAL_ACCENT_COLOR_NAME = AccentColor;
				CODE_SIGN_STYLE = Automatic;
				DEVELOPMENT_TEAM = 6UR9TA6744;
				ENABLE_PREVIEWS = YES;
				INFOPLIST_FILE = iOS/Info.plist;
				IPHONEOS_DEPLOYMENT_TARGET = 14.2;
				LD_RUNPATH_SEARCH_PATHS = (
					"$(inherited)",
					"@executable_path/Frameworks",
				);
				PRODUCT_BUNDLE_IDENTIFIER = com.janhovland.TableViewIndexed;
				PRODUCT_NAME = TableViewIndexed;
				SDKROOT = iphoneos;
				SWIFT_VERSION = 5.0;
				TARGETED_DEVICE_FAMILY = "1,2";
			};
			name = Debug;
		};
		DB51C6AB2576B44700E121DE /* Release */ = {
			isa = XCBuildConfiguration;
			buildSettings = {
				ASSETCATALOG_COMPILER_APPICON_NAME = AppIcon;
				ASSETCATALOG_COMPILER_GLOBAL_ACCENT_COLOR_NAME = AccentColor;
				CODE_SIGN_STYLE = Automatic;
				DEVELOPMENT_TEAM = 6UR9TA6744;
				ENABLE_PREVIEWS = YES;
				INFOPLIST_FILE = iOS/Info.plist;
				IPHONEOS_DEPLOYMENT_TARGET = 14.2;
				LD_RUNPATH_SEARCH_PATHS = (
					"$(inherited)",
					"@executable_path/Frameworks",
				);
				PRODUCT_BUNDLE_IDENTIFIER = com.janhovland.TableViewIndexed;
				PRODUCT_NAME = TableViewIndexed;
				SDKROOT = iphoneos;
				SWIFT_VERSION = 5.0;
				TARGETED_DEVICE_FAMILY = "1,2";
				VALIDATE_PRODUCT = YES;
			};
			name = Release;
		};
		DB51C6AD2576B44700E121DE /* Debug */ = {
			isa = XCBuildConfiguration;
			buildSettings = {
				ASSETCATALOG_COMPILER_APPICON_NAME = AppIcon;
				ASSETCATALOG_COMPILER_GLOBAL_ACCENT_COLOR_NAME = AccentColor;
				CODE_SIGN_ENTITLEMENTS = macOS/macOS.entitlements;
				CODE_SIGN_STYLE = Automatic;
				COMBINE_HIDPI_IMAGES = YES;
				DEVELOPMENT_TEAM = 6UR9TA6744;
				ENABLE_HARDENED_RUNTIME = YES;
				ENABLE_PREVIEWS = YES;
				INFOPLIST_FILE = macOS/Info.plist;
				LD_RUNPATH_SEARCH_PATHS = (
					"$(inherited)",
					"@executable_path/../Frameworks",
				);
				MACOSX_DEPLOYMENT_TARGET = 11.0;
				PRODUCT_BUNDLE_IDENTIFIER = com.janhovland.TableViewIndexed;
				PRODUCT_NAME = TableViewIndexed;
				SDKROOT = macosx;
				SWIFT_VERSION = 5.0;
			};
			name = Debug;
		};
		DB51C6AE2576B44700E121DE /* Release */ = {
			isa = XCBuildConfiguration;
			buildSettings = {
				ASSETCATALOG_COMPILER_APPICON_NAME = AppIcon;
				ASSETCATALOG_COMPILER_GLOBAL_ACCENT_COLOR_NAME = AccentColor;
				CODE_SIGN_ENTITLEMENTS = macOS/macOS.entitlements;
				CODE_SIGN_STYLE = Automatic;
				COMBINE_HIDPI_IMAGES = YES;
				DEVELOPMENT_TEAM = 6UR9TA6744;
				ENABLE_HARDENED_RUNTIME = YES;
				ENABLE_PREVIEWS = YES;
				INFOPLIST_FILE = macOS/Info.plist;
				LD_RUNPATH_SEARCH_PATHS = (
					"$(inherited)",
					"@executable_path/../Frameworks",
				);
				MACOSX_DEPLOYMENT_TARGET = 11.0;
				PRODUCT_BUNDLE_IDENTIFIER = com.janhovland.TableViewIndexed;
				PRODUCT_NAME = TableViewIndexed;
				SDKROOT = macosx;
				SWIFT_VERSION = 5.0;
			};
			name = Release;
		};
/* End XCBuildConfiguration section */

/* Begin XCConfigurationList section */
		DB51C68C2576B44500E121DE /* Build configuration list for PBXProject "TableViewIndexed" */ = {
			isa = XCConfigurationList;
			buildConfigurations = (
				DB51C6A72576B44700E121DE /* Debug */,
				DB51C6A82576B44700E121DE /* Release */,
			);
			defaultConfigurationIsVisible = 0;
			defaultConfigurationName = Release;
		};
		DB51C6A92576B44700E121DE /* Build configuration list for PBXNativeTarget "TableViewIndexed (iOS)" */ = {
			isa = XCConfigurationList;
			buildConfigurations = (
				DB51C6AA2576B44700E121DE /* Debug */,
				DB51C6AB2576B44700E121DE /* Release */,
			);
			defaultConfigurationIsVisible = 0;
			defaultConfigurationName = Release;
		};
		DB51C6AC2576B44700E121DE /* Build configuration list for PBXNativeTarget "TableViewIndexed (macOS)" */ = {
			isa = XCConfigurationList;
			buildConfigurations = (
				DB51C6AD2576B44700E121DE /* Debug */,
				DB51C6AE2576B44700E121DE /* Release */,
			);
			defaultConfigurationIsVisible = 0;
			defaultConfigurationName = Release;
		};
/* End XCConfigurationList section */
	};
	rootObject = DB51C6892576B44500E121DE /* Project object */;
}
